
Microsoft Visual Studio Solution File, Format Version 12.00
# Visual Studio Version 16
VisualStudioVersion = 16.0.30611.23
MinimumVisualStudioVersion = 10.0.40219.1
Project("{FAE04EC0-301F-11D3-BF4B-00C04F79EFBC}") = "FridayWorkWithFiles", "FridayWorkWithFiles\FridayWorkWithFiles.csproj", "{B2162240-D472-4CAC-BEAB-49FE1B47D120}"
EndProject
Global
	GlobalSection(SolutionConfigurationPlatforms) = preSolution
		Debug|Any CPU = Debug|Any CPU
		Release|Any CPU = Release|Any CPU
	EndGlobalSection
	GlobalSection(ProjectConfigurationPlatforms) = postSolution
		{B2162240-D472-4CAC-BEAB-49FE1B47D120}.Debug|Any CPU.ActiveCfg = Debug|Any CPU
		{B2162240-D472-4CAC-BEAB-49FE1B47D120}.Debug|Any CPU.Build.0 = Debug|Any CPU
		{B2162240-D472-4CAC-BEAB-49FE1B47D120}.Release|Any CPU.ActiveCfg = Release|Any CPU
		{B2162240-D472-4CAC-BEAB-49FE1B47D120}.Release|Any CPU.Build.0 = Release|Any CPU
	EndGlobalSection
	GlobalSection(SolutionProperties) = preSolution
		HideSolutionNode = FALSE
	EndGlobalSection
	GlobalSection(ExtensibilityGlobals) = postSolution
		SolutionGuid = {03E12744-B4E7-4C45-91FD-2022D976B247}
	EndGlobalSection
EndGlobal
